// !$*UTF8*$!
{
	archiveVersion = 1;
	classes = {
	};
	objectVersion = 50;
	objects = {

/* Begin PBXBuildFile section */
		35E82F62256E501B89C14909 /* Pods_upvideo.framework in Frameworks */ = {isa = PBXBuildFile; fileRef = D48B3FAE9076081550E38B88 /* Pods_upvideo.framework */; };
		7EA5207120ABD3E50038E2D7 /* AppDelegate.swift in Sources */ = {isa = PBXBuildFile; fileRef = 7EA5207020ABD3E50038E2D7 /* AppDelegate.swift */; };
		7EA5207320ABD3E50038E2D7 /* ViewController.swift in Sources */ = {isa = PBXBuildFile; fileRef = 7EA5207220ABD3E50038E2D7 /* ViewController.swift */; };
		7EA5207620ABD3E50038E2D7 /* Main.storyboard in Resources */ = {isa = PBXBuildFile; fileRef = 7EA5207420ABD3E50038E2D7 /* Main.storyboard */; };
		7EA5207820ABD3E70038E2D7 /* Assets.xcassets in Resources */ = {isa = PBXBuildFile; fileRef = 7EA5207720ABD3E70038E2D7 /* Assets.xcassets */; };
		7EA5207B20ABD3E70038E2D7 /* LaunchScreen.storyboard in Resources */ = {isa = PBXBuildFile; fileRef = 7EA5207920ABD3E70038E2D7 /* LaunchScreen.storyboard */; };
		7EA5208320AC237A0038E2D7 /* hh.MP4 in Resources */ = {isa = PBXBuildFile; fileRef = 7EA5208220AC237A0038E2D7 /* hh.MP4 */; };
		7EA5208520AD1BEE0038E2D7 /* ff.jpg in Resources */ = {isa = PBXBuildFile; fileRef = 7EA5208420AD1BEE0038E2D7 /* ff.jpg */; };
/* End PBXBuildFile section */

/* Begin PBXFileReference section */
		7EA5206D20ABD3E50038E2D7 /* upvideo.app */ = {isa = PBXFileReference; explicitFileType = wrapper.application; includeInIndex = 0; path = upvideo.app; sourceTree = BUILT_PRODUCTS_DIR; };
		7EA5207020ABD3E50038E2D7 /* AppDelegate.swift */ = {isa = PBXFileReference; lastKnownFileType = sourcecode.swift; path = AppDelegate.swift; sourceTree = "<group>"; };
		7EA5207220ABD3E50038E2D7 /* ViewController.swift */ = {isa = PBXFileReference; lastKnownFileType = sourcecode.swift; path = ViewController.swift; sourceTree = "<group>"; };
		7EA5207520ABD3E50038E2D7 /* Base */ = {isa = PBXFileReference; lastKnownFileType = file.storyboard; name = Base; path = Base.lproj/Main.storyboard; sourceTree = "<group>"; };
		7EA5207720ABD3E70038E2D7 /* Assets.xcassets */ = {isa = PBXFileReference; lastKnownFileType = folder.assetcatalog; path = Assets.xcassets; sourceTree = "<group>"; };
		7EA5207A20ABD3E70038E2D7 /* Base */ = {isa = PBXFileReference; lastKnownFileType = file.storyboard; name = Base; path = Base.lproj/LaunchScreen.storyboard; sourceTree = "<group>"; };
		7EA5207C20ABD3E70038E2D7 /* Info.plist */ = {isa = PBXFileReference; lastKnownFileType = text.plist.xml; path = Info.plist; sourceTree = "<group>"; };
		7EA5208220AC237A0038E2D7 /* hh.MP4 */ = {isa = PBXFileReference; lastKnownFileType = file; path = hh.MP4; sourceTree = "<group>"; };
		7EA5208420AD1BEE0038E2D7 /* ff.jpg */ = {isa = PBXFileReference; lastKnownFileType = image.jpeg; path = ff.jpg; sourceTree = "<group>"; };
		B287AF2746ADF7B657864B40 /* Pods-upvideo.debug.xcconfig */ = {isa = PBXFileReference; includeInIndex = 1; lastKnownFileType = text.xcconfig; name = "Pods-upvideo.debug.xcconfig"; path = "Pods/Target Support Files/Pods-upvideo/Pods-upvideo.debug.xcconfig"; sourceTree = "<group>"; };
		D48B3FAE9076081550E38B88 /* Pods_upvideo.framework */ = {isa = PBXFileReference; explicitFileType = wrapper.framework; includeInIndex = 0; path = Pods_upvideo.framework; sourceTree = BUILT_PRODUCTS_DIR; };
		FB2CEA1C84489E206EFD4BC7 /* Pods-upvideo.release.xcconfig */ = {isa = PBXFileReference; includeInIndex = 1; lastKnownFileType = text.xcconfig; name = "Pods-upvideo.release.xcconfig"; path = "Pods/Target Support Files/Pods-upvideo/Pods-upvideo.release.xcconfig"; sourceTree = "<group>"; };
/* End PBXFileReference section */

/* Begin PBXFrameworksBuildPhase section */
		7EA5206A20ABD3E50038E2D7 /* Frameworks */ = {
			isa = PBXFrameworksBuildPhase;
			buildActionMask = 2147483647;
			files = (
				35E82F62256E501B89C14909 /* Pods_upvideo.framework in Frameworks */,
			);
			runOnlyForDeploymentPostprocessing = 0;
		};
/* End PBXFrameworksBuildPhase section */

/* Begin PBXGroup section */
		2FD9232C3A405FFBC606A307 /* Pods */ = {
			isa = PBXGroup;
			children = (
				B287AF2746ADF7B657864B40 /* Pods-upvideo.debug.xcconfig */,
				FB2CEA1C84489E206EFD4BC7 /* Pods-upvideo.release.xcconfig */,
			);
			name = Pods;
			sourceTree = "<group>";
		};
		51D7851FAACF7E1669818C82 /* Frameworks */ = {
			isa = PBXGroup;
			children = (
				D48B3FAE9076081550E38B88 /* Pods_upvideo.framework */,
			);
			name = Frameworks;
			sourceTree = "<group>";
		};
		7EA5206420ABD3E40038E2D7 = {
			isa = PBXGroup;
			children = (
				7EA5206F20ABD3E50038E2D7 /* upvideo */,
				7EA5206E20ABD3E50038E2D7 /* Products */,
				2FD9232C3A405FFBC606A307 /* Pods */,
				51D7851FAACF7E1669818C82 /* Frameworks */,
			);
			sourceTree = "<group>";
		};
		7EA5206E20ABD3E50038E2D7 /* Products */ = {
			isa = PBXGroup;
			children = (
				7EA5206D20ABD3E50038E2D7 /* upvideo.app */,
			);
			name = Products;
			sourceTree = "<group>";
		};
		7EA5206F20ABD3E50038E2D7 /* upvideo */ = {
			isa = PBXGroup;
			children = (
				7EA5208220AC237A0038E2D7 /* hh.MP4 */,
				7EA5208420AD1BEE0038E2D7 /* ff.jpg */,
				7EA5207020ABD3E50038E2D7 /* AppDelegate.swift */,
				7EA5207220ABD3E50038E2D7 /* ViewController.swift */,
				7EA5207420ABD3E50038E2D7 /* Main.storyboard */,
				7EA5207720ABD3E70038E2D7 /* Assets.xcassets */,
				7EA5207920ABD3E70038E2D7 /* LaunchScreen.storyboard */,
				7EA5207C20ABD3E70038E2D7 /* Info.plist */,
			);
			path = upvideo;
			sourceTree = "<group>";
		};
/* End PBXGroup section */

/* Begin PBXNativeTarget section */
		7EA5206C20ABD3E50038E2D7 /* upvideo */ = {
			isa = PBXNativeTarget;
			buildConfigurationList = 7EA5207F20ABD3E70038E2D7 /* Build configuration list for PBXNativeTarget "upvideo" */;
			buildPhases = (
				D0C81F950041C3DAB7E3B2E2 /* [CP] Check Pods Manifest.lock */,
				7EA5206920ABD3E50038E2D7 /* Sources */,
				7EA5206A20ABD3E50038E2D7 /* Frameworks */,
				7EA5206B20ABD3E50038E2D7 /* Resources */,
				268354DF005E4E916B4E0794 /* [CP] Embed Pods Frameworks */,
				19897DA1528A76EE8A75043D /* [CP] Copy Pods Resources */,
			);
			buildRules = (
			);
			dependencies = (
			);
			name = upvideo;
			productName = upvideo;
			productReference = 7EA5206D20ABD3E50038E2D7 /* upvideo.app */;
			productType = "com.apple.product-type.application";
		};
/* End PBXNativeTarget section */

/* Begin PBXProject section */
		7EA5206520ABD3E40038E2D7 /* Project object */ = {
			isa = PBXProject;
			attributes = {
				LastSwiftUpdateCheck = 0930;
				LastUpgradeCheck = 0930;
				ORGANIZATIONNAME = mac126;
				TargetAttributes = {
					7EA5206C20ABD3E50038E2D7 = {
						CreatedOnToolsVersion = 9.3;
					};
				};
			};
			buildConfigurationList = 7EA5206820ABD3E40038E2D7 /* Build configuration list for PBXProject "upvideo" */;
			compatibilityVersion = "Xcode 9.3";
			developmentRegion = en;
			hasScannedForEncodings = 0;
			knownRegions = (
				en,
				Base,
			);
			mainGroup = 7EA5206420ABD3E40038E2D7;
			productRefGroup = 7EA5206E20ABD3E50038E2D7 /* Products */;
			projectDirPath = "";
			projectRoot = "";
			targets = (
				7EA5206C20ABD3E50038E2D7 /* upvideo */,
			);
		};
/* End PBXProject section */

/* Begin PBXResourcesBuildPhase section */
		7EA5206B20ABD3E50038E2D7 /* Resources */ = {
			isa = PBXResourcesBuildPhase;
			buildActionMask = 2147483647;
			files = (
				7EA5208520AD1BEE0038E2D7 /* ff.jpg in Resources */,
				7EA5207B20ABD3E70038E2D7 /* LaunchScreen.storyboard in Resources */,
				7EA5208320AC237A0038E2D7 /* hh.MP4 in Resources */,
				7EA5207820ABD3E70038E2D7 /* Assets.xcassets in Resources */,
				7EA5207620ABD3E50038E2D7 /* Main.storyboard in Resources */,
			);
			runOnlyForDeploymentPostprocessing = 0;
		};
/* End PBXResourcesBuildPhase section */

/* Begin PBXShellScriptBuildPhase section */
		19897DA1528A76EE8A75043D /* [CP] Copy Pods Resources */ = {
			isa = PBXShellScriptBuildPhase;
			buildActionMask = 2147483647;
			files = (
			);
			inputPaths = (
			);
			name = "[CP] Copy Pods Resources";
			outputPaths = (
			);
			runOnlyForDeploymentPostprocessing = 0;
			shellPath = /bin/sh;
			shellScript = "\"${SRCROOT}/Pods/Target Support Files/Pods-upvideo/Pods-upvideo-resources.sh\"\n";
			showEnvVarsInLog = 0;
		};
		268354DF005E4E916B4E0794 /* [CP] Embed Pods Frameworks */ = {
			isa = PBXShellScriptBuildPhase;
			buildActionMask = 2147483647;
			files = (
			);
			inputPaths = (
				"${SRCROOT}/Pods/Target Support Files/Pods-upvideo/Pods-upvideo-frameworks.sh",
				"${BUILT_PRODUCTS_DIR}/AFNetworking/AFNetworking.framework",
			);
			name = "[CP] Embed Pods Frameworks";
			outputPaths = (
				"${TARGET_BUILD_DIR}/${FRAMEWORKS_FOLDER_PATH}/AFNetworking.framework",
			);
			runOnlyForDeploymentPostprocessing = 0;
			shellPath = /bin/sh;
			shellScript = "\"${SRCROOT}/Pods/Target Support Files/Pods-upvideo/Pods-upvideo-frameworks.sh\"\n";
			showEnvVarsInLog = 0;
		};
		D0C81F950041C3DAB7E3B2E2 /* [CP] Check Pods Manifest.lock */ = {
			isa = PBXShellScriptBuildPhase;
			buildActionMask = 2147483647;
			files = (
			);
			inputPaths = (
				"${PODS_PODFILE_DIR_PATH}/Podfile.lock",
				"${PODS_ROOT}/Manifest.lock",
			);
			name = "[CP] Check Pods Manifest.lock";
			outputPaths = (
				"$(DERIVED_FILE_DIR)/Pods-upvideo-checkManifestLockResult.txt",
			);
			runOnlyForDeploymentPostprocessing = 0;
			shellPath = /bin/sh;
			shellScript = "diff \"${PODS_PODFILE_DIR_PATH}/Podfile.lock\" \"${PODS_ROOT}/Manifest.lock\" > /dev/null\nif [ $? != 0 ] ; then\n    # print error to STDERR\n    echo \"error: The sandbox is not in sync with the Podfile.lock. Run 'pod install' or update your CocoaPods installation.\" >&2\n    exit 1\nfi\n# This output is used by Xcode 'outputs' to avoid re-running this script phase.\necho \"SUCCESS\" > \"${SCRIPT_OUTPUT_FILE_0}\"\n";
			showEnvVarsInLog = 0;
		};
/* End PBXShellScriptBuildPhase section */

/* Begin PBXSourcesBuildPhase section */
		7EA5206920ABD3E50038E2D7 /* Sources */ = {
			isa = PBXSourcesBuildPhase;
			buildActionMask = 2147483647;
			files = (
				7EA5207320ABD3E50038E2D7 /* ViewController.swift in Sources */,
				7EA5207120ABD3E50038E2D7 /* AppDelegate.swift in Sources */,
			);
			runOnlyForDeploymentPostprocessing = 0;
		};
/* End PBXSourcesBuildPhase section */

/* Begin PBXVariantGroup section */
		7EA5207420ABD3E50038E2D7 /* Main.storyboard */ = {
			isa = PBXVariantGroup;
			children = (
				7EA5207520ABD3E50038E2D7 /* Base */,
			);
			name = Main.storyboard;
			sourceTree = "<group>";
		};
		7EA5207920ABD3E70038E2D7 /* LaunchScreen.storyboard */ = {
			isa = PBXVariantGroup;
			children = (
				7EA5207A20ABD3E70038E2D7 /* Base */,
			);
			name = LaunchScreen.storyboard;
			sourceTree = "<group>";
		};
/* End PBXVariantGroup section */

/* Begin XCBuildConfiguration section */
		7EA5207D20ABD3E70038E2D7 /* Debug */ = {
			isa = XCBuildConfiguration;
			buildSettings = {
				ALWAYS_SEARCH_USER_PATHS = NO;
				CLANG_ANALYZER_NONNULL = YES;
				CLANG_ANALYZER_NUMBER_OBJECT_CONVERSION = YES_AGGRESSIVE;
				CLANG_CXX_LANGUAGE_STANDARD = "gnu++14";
				CLANG_CXX_LIBRARY = "libc++";
				CLANG_ENABLE_MODULES = YES;
				CLANG_ENABLE_OBJC_ARC = YES;
				CLANG_ENABLE_OBJC_WEAK = YES;
				CLANG_WARN_BLOCK_CAPTURE_AUTORELEASING = YES;
				CLANG_WARN_BOOL_CONVERSION = YES;
				CLANG_WARN_COMMA = YES;
				CLANG_WARN_CONSTANT_CONVERSION = YES;
				CLANG_WARN_DEPRECATED_OBJC_IMPLEMENTATIONS = YES;
				CLANG_WARN_DIRECT_OBJC_ISA_USAGE = YES_ERROR;
				CLANG_WARN_DOCUMENTATION_COMMENTS = YES;
				CLANG_WARN_EMPTY_BODY = YES;
				CLANG_WARN_ENUM_CONVERSION = YES;
				CLANG_WARN_INFINITE_RECURSION = YES;
				CLANG_WARN_INT_CONVERSION = YES;
				CLANG_WARN_NON_LITERAL_NULL_CONVERSION = YES;
				CLANG_WARN_OBJC_IMPLICIT_RETAIN_SELF = YES;
				CLANG_WARN_OBJC_LITERAL_CONVERSION = YES;
				CLANG_WARN_OBJC_ROOT_CLASS = YES_ERROR;
				CLANG_WARN_RANGE_LOOP_ANALYSIS = YES;
				CLANG_WARN_STRICT_PROTOTYPES = YES;
				CLANG_WARN_SUSPICIOUS_MOVE = YES;
				CLANG_WARN_UNGUARDED_AVAILABILITY = YES_AGGRESSIVE;
				CLANG_WARN_UNREACHABLE_CODE = YES;
				CLANG_WARN__DUPLICATE_METHOD_MATCH = YES;
				CODE_SIGN_IDENTITY = "iPhone Developer";
				COPY_PHASE_STRIP = NO;
				DEBUG_INFORMATION_FORMAT = dwarf;
				ENABLE_STRICT_OBJC_MSGSEND = YES;
				ENABLE_TESTABILITY = YES;
				GCC_C_LANGUAGE_STANDARD = gnu11;
				GCC_DYNAMIC_NO_PIC = NO;
				GCC_NO_COMMON_BLOCKS = YES;
				GCC_OPTIMIZATION_LEVEL = 0;
				GCC_PREPROCESSOR_DEFINITIONS = (
					"DEBUG=1",
					"$(inherited)",
				);
				GCC_WARN_64_TO_32_BIT_CONVERSION = YES;
				GCC_WARN_ABOUT_RETURN_TYPE = YES_ERROR;
				GCC_WARN_UNDECLARED_SELECTOR = YES;
				GCC_WARN_UNINITIALIZED_AUTOS = YES_AGGRESSIVE;
				GCC_WARN_UNUSED_FUNCTION = YES;
				GCC_WARN_UNUSED_VARIABLE = YES;
				IPHONEOS_DEPLOYMENT_TARGET = 11.3;
				MTL_ENABLE_DEBUG_INFO = YES;
				ONLY_ACTIVE_ARCH = YES;
				SDKROOT = iphoneos;
				SWIFT_ACTIVE_COMPILATION_CONDITIONS = DEBUG;
				SWIFT_OPTIMIZATION_LEVEL = "-Onone";
			};
			name = Debug;
		};
		7EA5207E20ABD3E70038E2D7 /* Release */ = {
			isa = XCBuildConfiguration;
			buildSettings = {
				ALWAYS_SEARCH_USER_PATHS = NO;
				CLANG_ANALYZER_NONNULL = YES;
				CLANG_ANALYZER_NUMBER_OBJECT_CONVERSION = YES_AGGRESSIVE;
				CLANG_CXX_LANGUAGE_STANDARD = "gnu++14";
				CLANG_CXX_LIBRARY = "libc++";
				CLANG_ENABLE_MODULES = YES;
				CLANG_ENABLE_OBJC_ARC = YES;
				CLANG_ENABLE_OBJC_WEAK = YES;
				CLANG_WARN_BLOCK_CAPTURE_AUTORELEASING = YES;
				CLANG_WARN_BOOL_CONVERSION = YES;
				CLANG_WARN_COMMA = YES;
				CLANG_WARN_CONSTANT_CONVERSION = YES;
				CLANG_WARN_DEPRECATED_OBJC_IMPLEMENTATIONS = YES;
				CLANG_WARN_DIRECT_OBJC_ISA_USAGE = YES_ERROR;
				CLANG_WARN_DOCUMENTATION_COMMENTS = YES;
				CLANG_WARN_EMPTY_BODY = YES;
				CLANG_WARN_ENUM_CONVERSION = YES;
				CLANG_WARN_INFINITE_RECURSION = YES;
				CLANG_WARN_INT_CONVERSION = YES;
				CLANG_WARN_NON_LITERAL_NULL_CONVERSION = YES;
				CLANG_WARN_OBJC_IMPLICIT_RETAIN_SELF = YES;
				CLANG_WARN_OBJC_LITERAL_CONVERSION = YES;
				CLANG_WARN_OBJC_ROOT_CLASS = YES_ERROR;
				CLANG_WARN_RANGE_LOOP_ANALYSIS = YES;
				CLANG_WARN_STRICT_PROTOTYPES = YES;
				CLANG_WARN_SUSPICIOUS_MOVE = YES;
				CLANG_WARN_UNGUARDED_AVAILABILITY = YES_AGGRESSIVE;
				CLANG_WARN_UNREACHABLE_CODE = YES;
				CLANG_WARN__DUPLICATE_METHOD_MATCH = YES;
				CODE_SIGN_IDENTITY = "iPhone Developer";
				COPY_PHASE_STRIP = NO;
				DEBUG_INFORMATION_FORMAT = "dwarf-with-dsym";
				ENABLE_NS_ASSERTIONS = NO;
				ENABLE_STRICT_OBJC_MSGSEND = YES;
				GCC_C_LANGUAGE_STANDARD = gnu11;
				GCC_NO_COMMON_BLOCKS = YES;
				GCC_WARN_64_TO_32_BIT_CONVERSION = YES;
				GCC_WARN_ABOUT_RETURN_TYPE = YES_ERROR;
				GCC_WARN_UNDECLARED_SELECTOR = YES;
				GCC_WARN_UNINITIALIZED_AUTOS = YES_AGGRESSIVE;
				GCC_WARN_UNUSED_FUNCTION = YES;
				GCC_WARN_UNUSED_VARIABLE = YES;
				IPHONEOS_DEPLOYMENT_TARGET = 11.3;
				MTL_ENABLE_DEBUG_INFO = NO;
				SDKROOT = iphoneos;
				SWIFT_COMPILATION_MODE = wholemodule;
				SWIFT_OPTIMIZATION_LEVEL = "-O";
				VALIDATE_PRODUCT = YES;
			};
			name = Release;
		};
		7EA5208020ABD3E70038E2D7 /* Debug */ = {
			isa = XCBuildConfiguration;
			baseConfigurationReference = B287AF2746ADF7B657864B40 /* Pods-upvideo.debug.xcconfig */;
			buildSettings = {
				ASSETCATALOG_COMPILER_APPICON_NAME = AppIcon;
				CODE_SIGN_STYLE = Automatic;
				DEVELOPMENT_TEAM = 3NV32R76SX;
				INFOPLIST_FILE = upvideo/Info.plist;
				LD_RUNPATH_SEARCH_PATHS = (
					"$(inherited)",
					"@executable_path/Frameworks",
				);
				PRODUCT_BUNDLE_IDENTIFIER = com.betasmart.upvideo;
				PRODUCT_NAME = "$(TARGET_NAME)";
				SWIFT_VERSION = 4.0;
				TARGETED_DEVICE_FAMILY = "1,2";
			};
			name = Debug;
		};
		7EA5208120ABD3E70038E2D7 /* Release */ = {
			isa = XCBuildConfiguration;
			baseConfigurationReference = FB2CEA1C84489E206EFD4BC7 /* Pods-upvideo.release.xcconfig */;
			buildSettings = {
				ASSETCATALOG_COMPILER_APPICON_NAME = AppIcon;
				CODE_SIGN_STYLE = Automatic;
				DEVELOPMENT_TEAM = 3NV32R76SX;
				INFOPLIST_FILE = upvideo/Info.plist;
				LD_RUNPATH_SEARCH_PATHS = (
					"$(inherited)",
					"@executable_path/Frameworks",
				);
				PRODUCT_BUNDLE_IDENTIFIER = com.betasmart.upvideo;
				PRODUCT_NAME = "$(TARGET_NAME)";
				SWIFT_VERSION = 4.0;
				TARGETED_DEVICE_FAMILY = "1,2";
			};
			name = Release;
		};
/* End XCBuildConfiguration section */

/* Begin XCConfigurationList section */
		7EA5206820ABD3E40038E2D7 /* Build configuration list for PBXProject "upvideo" */ = {
			isa = XCConfigurationList;
			buildConfigurations = (
				7EA5207D20ABD3E70038E2D7 /* Debug */,
				7EA5207E20ABD3E70038E2D7 /* Release */,
			);
			defaultConfigurationIsVisible = 0;
			defaultConfigurationName = Release;
		};
		7EA5207F20ABD3E70038E2D7 /* Build configuration list for PBXNativeTarget "upvideo" */ = {
			isa = XCConfigurationList;
			buildConfigurations = (
				7EA5208020ABD3E70038E2D7 /* Debug */,
				7EA5208120ABD3E70038E2D7 /* Release */,
			);
			defaultConfigurationIsVisible = 0;
			defaultConfigurationName = Release;
		};
/* End XCConfigurationList section */
	};
	rootObject = 7EA5206520ABD3E40038E2D7 /* Project object */;
}
